
Microsoft Visual Studio Solution File, Format Version 12.00
# Visual Studio Version 16
VisualStudioVersion = 16.0.32901.82
MinimumVisualStudioVersion = 10.0.40219.1
Project("{FAE04EC0-301F-11D3-BF4B-00C04F79EFBC}") = "mobatako.Android", "mobatako\mobatako.Android\mobatako.Android.csproj", "{B8287309-2F00-4B41-8E11-B97E578787C0}"
EndProject
Project("{FAE04EC0-301F-11D3-BF4B-00C04F79EFBC}") = "mobatako.iOS", "mobatako\mobatako.iOS\mobatako.iOS.csproj", "{2FAA5AE6-FBC3-4554-9D9C-635F4A7F65E3}"
EndProject
Project("{9A19103F-16F7-4668-BE54-9A1E7A4F7556}") = "mobatako", "mobatako\mobatako\mobatako.csproj", "{629D3858-E3EE-4C43-98BC-36ECE17ACCB5}"
EndProject
Global
	GlobalSection(SolutionConfigurationPlatforms) = preSolution
		Debug|Any CPU = Debug|Any CPU
		Debug|iPhone = Debug|iPhone
		Debug|iPhoneSimulator = Debug|iPhoneSimulator
		Release|Any CPU = Release|Any CPU
		Release|iPhone = Release|iPhone
		Release|iPhoneSimulator = Release|iPhoneSimulator
	EndGlobalSection
	GlobalSection(ProjectConfigurationPlatforms) = postSolution
		{B8287309-2F00-4B41-8E11-B97E578787C0}.Debug|Any CPU.ActiveCfg = Debug|Any CPU
		{B8287309-2F00-4B41-8E11-B97E578787C0}.Debug|Any CPU.Build.0 = Debug|Any CPU
		{B8287309-2F00-4B41-8E11-B97E578787C0}.Debug|Any CPU.Deploy.0 = Debug|Any CPU
		{B8287309-2F00-4B41-8E11-B97E578787C0}.Debug|iPhone.ActiveCfg = Debug|Any CPU
		{B8287309-2F00-4B41-8E11-B97E578787C0}.Debug|iPhone.Build.0 = Debug|Any CPU
		{B8287309-2F00-4B41-8E11-B97E578787C0}.Debug|iPhoneSimulator.ActiveCfg = Debug|Any CPU
		{B8287309-2F00-4B41-8E11-B97E578787C0}.Debug|iPhoneSimulator.Build.0 = Debug|Any CPU
		{B8287309-2F00-4B41-8E11-B97E578787C0}.Release|Any CPU.ActiveCfg = Release|Any CPU
		{B8287309-2F00-4B41-8E11-B97E578787C0}.Release|Any CPU.Build.0 = Release|Any CPU
		{B8287309-2F00-4B41-8E11-B97E578787C0}.Release|iPhone.ActiveCfg = Release|Any CPU
		{B8287309-2F00-4B41-8E11-B97E578787C0}.Release|iPhone.Build.0 = Release|Any CPU
		{B8287309-2F00-4B41-8E11-B97E578787C0}.Release|iPhoneSimulator.ActiveCfg = Release|Any CPU
		{B8287309-2F00-4B41-8E11-B97E578787C0}.Release|iPhoneSimulator.Build.0 = Release|Any CPU
		{2FAA5AE6-FBC3-4554-9D9C-635F4A7F65E3}.Debug|Any CPU.ActiveCfg = Debug|iPhoneSimulator
		{2FAA5AE6-FBC3-4554-9D9C-635F4A7F65E3}.Debug|Any CPU.Build.0 = Debug|iPhoneSimulator
		{2FAA5AE6-FBC3-4554-9D9C-635F4A7F65E3}.Debug|iPhone.ActiveCfg = Debug|iPhone
		{2FAA5AE6-FBC3-4554-9D9C-635F4A7F65E3}.Debug|iPhone.Build.0 = Debug|iPhone
		{2FAA5AE6-FBC3-4554-9D9C-635F4A7F65E3}.Debug|iPhoneSimulator.ActiveCfg = Debug|iPhoneSimulator
		{2FAA5AE6-FBC3-4554-9D9C-635F4A7F65E3}.Debug|iPhoneSimulator.Build.0 = Debug|iPhoneSimulator
		{2FAA5AE6-FBC3-4554-9D9C-635F4A7F65E3}.Release|Any CPU.ActiveCfg = Release|iPhoneSimulator
		{2FAA5AE6-FBC3-4554-9D9C-635F4A7F65E3}.Release|Any CPU.Build.0 = Release|iPhoneSimulator
		{2FAA5AE6-FBC3-4554-9D9C-635F4A7F65E3}.Release|iPhone.ActiveCfg = Release|iPhone
		{2FAA5AE6-FBC3-4554-9D9C-635F4A7F65E3}.Release|iPhone.Build.0 = Release|iPhone
		{2FAA5AE6-FBC3-4554-9D9C-635F4A7F65E3}.Release|iPhoneSimulator.ActiveCfg = Release|iPhoneSimulator
		{2FAA5AE6-FBC3-4554-9D9C-635F4A7F65E3}.Release|iPhoneSimulator.Build.0 = Release|iPhoneSimulator
		{629D3858-E3EE-4C43-98BC-36ECE17ACCB5}.Debug|Any CPU.ActiveCfg = Debug|Any CPU
		{629D3858-E3EE-4C43-98BC-36ECE17ACCB5}.Debug|Any CPU.Build.0 = Debug|Any CPU
		{629D3858-E3EE-4C43-98BC-36ECE17ACCB5}.Debug|iPhone.ActiveCfg = Debug|Any CPU
		{629D3858-E3EE-4C43-98BC-36ECE17ACCB5}.Debug|iPhone.Build.0 = Debug|Any CPU
		{629D3858-E3EE-4C43-98BC-36ECE17ACCB5}.Debug|iPhoneSimulator.ActiveCfg = Debug|Any CPU
		{629D3858-E3EE-4C43-98BC-36ECE17ACCB5}.Debug|iPhoneSimulator.Build.0 = Debug|Any CPU
		{629D3858-E3EE-4C43-98BC-36ECE17ACCB5}.Release|Any CPU.ActiveCfg = Release|Any CPU
		{629D3858-E3EE-4C43-98BC-36ECE17ACCB5}.Release|Any CPU.Build.0 = Release|Any CPU
		{629D3858-E3EE-4C43-98BC-36ECE17ACCB5}.Release|iPhone.ActiveCfg = Release|Any CPU
		{629D3858-E3EE-4C43-98BC-36ECE17ACCB5}.Release|iPhone.Build.0 = Release|Any CPU
		{629D3858-E3EE-4C43-98BC-36ECE17ACCB5}.Release|iPhoneSimulator.ActiveCfg = Release|Any CPU
		{629D3858-E3EE-4C43-98BC-36ECE17ACCB5}.Release|iPhoneSimulator.Build.0 = Release|Any CPU
	EndGlobalSection
	GlobalSection(SolutionProperties) = preSolution
		HideSolutionNode = FALSE
	EndGlobalSection
	GlobalSection(ExtensibilityGlobals) = postSolution
		SolutionGuid = {B55042C7-26C2-41DA-A43C-6B995068C38F}
	EndGlobalSection
EndGlobal
